
Microsoft Visual Studio Solution File, Format Version 12.00
Project("{FAE04EC0-301F-11D3-BF4B-00C04F79EFBC}") = "ServiceApp", "ServiceApp\ServiceApp.csproj", "{AE3475F4-BA79-4C04-9192-F561D1341641}"
EndProject
Global
	GlobalSection(SolutionConfigurationPlatforms) = preSolution
		Debug|Any CPU = Debug|Any CPU
		Release|Any CPU = Release|Any CPU
	EndGlobalSection
	GlobalSection(ProjectConfigurationPlatforms) = postSolution
		{AE3475F4-BA79-4C04-9192-F561D1341641}.Debug|Any CPU.ActiveCfg = Debug|Any CPU
		{AE3475F4-BA79-4C04-9192-F561D1341641}.Debug|Any CPU.Build.0 = Debug|Any CPU
		{AE3475F4-BA79-4C04-9192-F561D1341641}.Release|Any CPU.ActiveCfg = Release|Any CPU
		{AE3475F4-BA79-4C04-9192-F561D1341641}.Release|Any CPU.Build.0 = Release|Any CPU
	EndGlobalSection
EndGlobal
